
Microsoft Visual Studio Solution File, Format Version 12.00
# Visual Studio Version 17
VisualStudioVersion = 17.0.32014.148
MinimumVisualStudioVersion = 10.0.40219.1
Project("{9A19103F-16F7-4668-BE54-9A1E7A4F7556}") = "1.1-OlaMundo", "1-OlaMundo\1.1-OlaMundo.csproj", "{E61AE7B2-E996-4000-B1DD-50F510A531EE}"
EndProject
Project("{9A19103F-16F7-4668-BE54-9A1E7A4F7556}") = "2.1-CriandoVariaveis", "2-CriandoVariaveis\2.1-CriandoVariaveis.csproj", "{BFE5761A-A79B-4EF0-B9B4-1F030DAD52E4}"
EndProject
Project("{9A19103F-16F7-4668-BE54-9A1E7A4F7556}") = "2.2-CriandoVariaveisExercicio", "2.1-CriandoVariaveisExercicio\2.2-CriandoVariaveisExercicio.csproj", "{6CF4DB0A-B0E8-4A76-B31A-96B774EB01DF}"
EndProject
Project("{9A19103F-16F7-4668-BE54-9A1E7A4F7556}") = "3.1-CriandoVariaveisPontoFlutuante", "3-CriandoVariaveisPontoFlutuante\3.1-CriandoVariaveisPontoFlutuante.csproj", "{C73D7E64-3F49-4133-9555-6490BFB48A84}"
EndProject
Project("{9A19103F-16F7-4668-BE54-9A1E7A4F7556}") = "3.2-TestaPontoFlutuante", "3.2-TestaPontoFlutuante\3.2-TestaPontoFlutuante.csproj", "{D3D514F2-BC2C-42FD-A9E1-75878A675D90}"
EndProject
Project("{9A19103F-16F7-4668-BE54-9A1E7A4F7556}") = "4.1-ConversoesEOutrosTipos", "4.1-ConversoesEOutrosTipos\4.1-ConversoesEOutrosTipos.csproj", "{7DEBF61C-74A0-483C-BB96-15894E972000}"
EndProject
Project("{FAE04EC0-301F-11D3-BF4B-00C04F79EFBC}") = "4.2-ConversoesEOutrosTiposNumericosExercicio", "4.2-ConversoesEOutrosTiposNumericosExercicio\4.2-ConversoesEOutrosTiposNumericosExercicio.csproj", "{5395F5BF-6C3B-4B1E-9F5D-FBB7237B9F51}"
EndProject
Project("{9A19103F-16F7-4668-BE54-9A1E7A4F7556}") = "5.1-CaracteresETextos", "5.1-CaracteresETextos\5.1-CaracteresETextos.csproj", "{06356CBF-859A-48D3-A6B8-EF677A084ECF}"
EndProject
Project("{9A19103F-16F7-4668-BE54-9A1E7A4F7556}") = "5.2-CaracteresETextosExercicio", "5.2-CaracteresETextosExercicio\5.2-CaracteresETextosExercicio.csproj", "{B40CCCDF-9D7E-45ED-BDC9-11EAE0D23E4F}"
EndProject
Project("{9A19103F-16F7-4668-BE54-9A1E7A4F7556}") = "6.1-AtribuicoesDeVariaveis", "6.1-AtribuicoesDeVariaveis\6.1-AtribuicoesDeVariaveis.csproj", "{6DD25117-E36A-40B1-AA3F-91283680349B}"
EndProject
Project("{9A19103F-16F7-4668-BE54-9A1E7A4F7556}") = "7.1-Condicionais", "7.1-Condicionais\7.1-Condicionais.csproj", "{EB6F080A-8204-4757-A376-193F0BAA071A}"
EndProject
Project("{9A19103F-16F7-4668-BE54-9A1E7A4F7556}") = "7.2-TestandoCondicionais", "7.2-TestandoCondicionais\7.2-TestandoCondicionais.csproj", "{C9BD1EB9-526F-4824-B384-0BA33C3A5F09}"
EndProject
Project("{9A19103F-16F7-4668-BE54-9A1E7A4F7556}") = "8.1-Condicionais2", "8.1-Condicionais2\8.1-Condicionais2.csproj", "{31BD55EB-0B00-496F-B8D6-B8F2D534E633}"
EndProject
Project("{9A19103F-16F7-4668-BE54-9A1E7A4F7556}") = "8.2-TestandoCondicionais2", "8.2-TestandoCondicionais2\8.2-TestandoCondicionais2.csproj", "{46DC9572-F7B9-4BE9-8811-76028F25C93C}"
EndProject
Project("{9A19103F-16F7-4668-BE54-9A1E7A4F7556}") = "1.2-OiMundoWindowsForm", "1.2-OiMundoWindowsForm\1.2-OiMundoWindowsForm.csproj", "{4E01FA1D-E3C9-4517-93C8-829F61319BAE}"
EndProject
Project("{9A19103F-16F7-4668-BE54-9A1E7A4F7556}") = "9.1-Escopo", "9.1-Escopo\9.1-Escopo.csproj", "{7D84B812-5120-4495-8822-DE0E6BC02C7A}"
EndProject
Project("{9A19103F-16F7-4668-BE54-9A1E7A4F7556}") = "9.2-EscopoExercicio", "9.2-EscopoExercicio\9.2-EscopoExercicio.csproj", "{5408D34A-01EC-45FC-8CC1-184F0A1BF65F}"
EndProject
Project("{9A19103F-16F7-4668-BE54-9A1E7A4F7556}") = "9.3-DesafioAliquotaIR", "9.3-DesafioAliquotaIR\9.3-DesafioAliquotaIR.csproj", "{42B6DB1F-6989-407D-BE85-6B504CD7FADC}"
EndProject
Project("{9A19103F-16F7-4668-BE54-9A1E7A4F7556}") = "9.4-Switch", "9.4-Switch\9.4-Switch.csproj", "{B7B97ED9-409A-4477-81F0-3A2CE458D1A5}"
EndProject
Project("{FAE04EC0-301F-11D3-BF4B-00C04F79EFBC}") = "P10.1-WhileCalculaPoupanca", "10.1-CalculaPoupanca\P10.1-WhileCalculaPoupanca.csproj", "{24055687-1B1D-4938-A089-33B428E80381}"
EndProject
Project("{FAE04EC0-301F-11D3-BF4B-00C04F79EFBC}") = "P11.1-ForCalculaPoupanca", "P11.1-CalculaPoupanca\P11.1-ForCalculaPoupanca.csproj", "{55F33AF6-42F3-4A93-814C-BC64FBB02571}"
EndProject
Project("{FAE04EC0-301F-11D3-BF4B-00C04F79EFBC}") = "P12.1-InvestimentoALongoPrazo", "P12.1-InvestimentoALongoPrazo\P12.1-InvestimentoALongoPrazo.csproj", "{D424179D-33E8-4978-A551-81B1E3E3BF1E}"
EndProject
Project("{FAE04EC0-301F-11D3-BF4B-00C04F79EFBC}") = "P13.1-EncadeandoFor", "P13.1-EncadeandoFor\P13.1-EncadeandoFor.csproj", "{6CDA8204-40F6-46A9-919A-C6AB5DE2A1D9}"
EndProject
Project("{FAE04EC0-301F-11D3-BF4B-00C04F79EFBC}") = "P10.2-ExercicioWhile", "P10.2-ExercicioWhile\P10.2-ExercicioWhile.csproj", "{8611C481-7AB2-417A-AC6B-4585F13107FC}"
EndProject
Project("{FAE04EC0-301F-11D3-BF4B-00C04F79EFBC}") = "P11.2-ExercicioFor", "P11.2-ExercicioFor\P11.2-ExercicioFor.csproj", "{8F66C7BA-E16B-4795-8C50-F57661769C62}"
EndProject
Global
	GlobalSection(SolutionConfigurationPlatforms) = preSolution
		Debug|Any CPU = Debug|Any CPU
		Release|Any CPU = Release|Any CPU
	EndGlobalSection
	GlobalSection(ProjectConfigurationPlatforms) = postSolution
		{E61AE7B2-E996-4000-B1DD-50F510A531EE}.Debug|Any CPU.ActiveCfg = Debug|Any CPU
		{E61AE7B2-E996-4000-B1DD-50F510A531EE}.Debug|Any CPU.Build.0 = Debug|Any CPU
		{E61AE7B2-E996-4000-B1DD-50F510A531EE}.Release|Any CPU.ActiveCfg = Release|Any CPU
		{E61AE7B2-E996-4000-B1DD-50F510A531EE}.Release|Any CPU.Build.0 = Release|Any CPU
		{BFE5761A-A79B-4EF0-B9B4-1F030DAD52E4}.Debug|Any CPU.ActiveCfg = Debug|Any CPU
		{BFE5761A-A79B-4EF0-B9B4-1F030DAD52E4}.Debug|Any CPU.Build.0 = Debug|Any CPU
		{BFE5761A-A79B-4EF0-B9B4-1F030DAD52E4}.Release|Any CPU.ActiveCfg = Release|Any CPU
		{BFE5761A-A79B-4EF0-B9B4-1F030DAD52E4}.Release|Any CPU.Build.0 = Release|Any CPU
		{6CF4DB0A-B0E8-4A76-B31A-96B774EB01DF}.Debug|Any CPU.ActiveCfg = Debug|Any CPU
		{6CF4DB0A-B0E8-4A76-B31A-96B774EB01DF}.Debug|Any CPU.Build.0 = Debug|Any CPU
		{6CF4DB0A-B0E8-4A76-B31A-96B774EB01DF}.Release|Any CPU.ActiveCfg = Release|Any CPU
		{6CF4DB0A-B0E8-4A76-B31A-96B774EB01DF}.Release|Any CPU.Build.0 = Release|Any CPU
		{C73D7E64-3F49-4133-9555-6490BFB48A84}.Debug|Any CPU.ActiveCfg = Debug|Any CPU
		{C73D7E64-3F49-4133-9555-6490BFB48A84}.Debug|Any CPU.Build.0 = Debug|Any CPU
		{C73D7E64-3F49-4133-9555-6490BFB48A84}.Release|Any CPU.ActiveCfg = Release|Any CPU
		{C73D7E64-3F49-4133-9555-6490BFB48A84}.Release|Any CPU.Build.0 = Release|Any CPU
		{D3D514F2-BC2C-42FD-A9E1-75878A675D90}.Debug|Any CPU.ActiveCfg = Debug|Any CPU
		{D3D514F2-BC2C-42FD-A9E1-75878A675D90}.Debug|Any CPU.Build.0 = Debug|Any CPU
		{D3D514F2-BC2C-42FD-A9E1-75878A675D90}.Release|Any CPU.ActiveCfg = Release|Any CPU
		{D3D514F2-BC2C-42FD-A9E1-75878A675D90}.Release|Any CPU.Build.0 = Release|Any CPU
		{7DEBF61C-74A0-483C-BB96-15894E972000}.Debug|Any CPU.ActiveCfg = Debug|Any CPU
		{7DEBF61C-74A0-483C-BB96-15894E972000}.Debug|Any CPU.Build.0 = Debug|Any CPU
		{7DEBF61C-74A0-483C-BB96-15894E972000}.Release|Any CPU.ActiveCfg = Release|Any CPU
		{7DEBF61C-74A0-483C-BB96-15894E972000}.Release|Any CPU.Build.0 = Release|Any CPU
		{5395F5BF-6C3B-4B1E-9F5D-FBB7237B9F51}.Debug|Any CPU.ActiveCfg = Debug|Any CPU
		{5395F5BF-6C3B-4B1E-9F5D-FBB7237B9F51}.Debug|Any CPU.Build.0 = Debug|Any CPU
		{5395F5BF-6C3B-4B1E-9F5D-FBB7237B9F51}.Release|Any CPU.ActiveCfg = Release|Any CPU
		{5395F5BF-6C3B-4B1E-9F5D-FBB7237B9F51}.Release|Any CPU.Build.0 = Release|Any CPU
		{06356CBF-859A-48D3-A6B8-EF677A084ECF}.Debug|Any CPU.ActiveCfg = Debug|Any CPU
		{06356CBF-859A-48D3-A6B8-EF677A084ECF}.Debug|Any CPU.Build.0 = Debug|Any CPU
		{06356CBF-859A-48D3-A6B8-EF677A084ECF}.Release|Any CPU.ActiveCfg = Release|Any CPU
		{06356CBF-859A-48D3-A6B8-EF677A084ECF}.Release|Any CPU.Build.0 = Release|Any CPU
		{B40CCCDF-9D7E-45ED-BDC9-11EAE0D23E4F}.Debug|Any CPU.ActiveCfg = Debug|Any CPU
		{B40CCCDF-9D7E-45ED-BDC9-11EAE0D23E4F}.Debug|Any CPU.Build.0 = Debug|Any CPU
		{B40CCCDF-9D7E-45ED-BDC9-11EAE0D23E4F}.Release|Any CPU.ActiveCfg = Release|Any CPU
		{B40CCCDF-9D7E-45ED-BDC9-11EAE0D23E4F}.Release|Any CPU.Build.0 = Release|Any CPU
		{6DD25117-E36A-40B1-AA3F-91283680349B}.Debug|Any CPU.ActiveCfg = Debug|Any CPU
		{6DD25117-E36A-40B1-AA3F-91283680349B}.Debug|Any CPU.Build.0 = Debug|Any CPU
		{6DD25117-E36A-40B1-AA3F-91283680349B}.Release|Any CPU.ActiveCfg = Release|Any CPU
		{6DD25117-E36A-40B1-AA3F-91283680349B}.Release|Any CPU.Build.0 = Release|Any CPU
		{EB6F080A-8204-4757-A376-193F0BAA071A}.Debug|Any CPU.ActiveCfg = Debug|Any CPU
		{EB6F080A-8204-4757-A376-193F0BAA071A}.Debug|Any CPU.Build.0 = Debug|Any CPU
		{EB6F080A-8204-4757-A376-193F0BAA071A}.Release|Any CPU.ActiveCfg = Release|Any CPU
		{EB6F080A-8204-4757-A376-193F0BAA071A}.Release|Any CPU.Build.0 = Release|Any CPU
		{C9BD1EB9-526F-4824-B384-0BA33C3A5F09}.Debug|Any CPU.ActiveCfg = Debug|Any CPU
		{C9BD1EB9-526F-4824-B384-0BA33C3A5F09}.Debug|Any CPU.Build.0 = Debug|Any CPU
		{C9BD1EB9-526F-4824-B384-0BA33C3A5F09}.Release|Any CPU.ActiveCfg = Release|Any CPU
		{C9BD1EB9-526F-4824-B384-0BA33C3A5F09}.Release|Any CPU.Build.0 = Release|Any CPU
		{31BD55EB-0B00-496F-B8D6-B8F2D534E633}.Debug|Any CPU.ActiveCfg = Debug|Any CPU
		{31BD55EB-0B00-496F-B8D6-B8F2D534E633}.Debug|Any CPU.Build.0 = Debug|Any CPU
		{31BD55EB-0B00-496F-B8D6-B8F2D534E633}.Release|Any CPU.ActiveCfg = Release|Any CPU
		{31BD55EB-0B00-496F-B8D6-B8F2D534E633}.Release|Any CPU.Build.0 = Release|Any CPU
		{46DC9572-F7B9-4BE9-8811-76028F25C93C}.Debug|Any CPU.ActiveCfg = Debug|Any CPU
		{46DC9572-F7B9-4BE9-8811-76028F25C93C}.Debug|Any CPU.Build.0 = Debug|Any CPU
		{46DC9572-F7B9-4BE9-8811-76028F25C93C}.Release|Any CPU.ActiveCfg = Release|Any CPU
		{46DC9572-F7B9-4BE9-8811-76028F25C93C}.Release|Any CPU.Build.0 = Release|Any CPU
		{4E01FA1D-E3C9-4517-93C8-829F61319BAE}.Debug|Any CPU.ActiveCfg = Debug|Any CPU
		{4E01FA1D-E3C9-4517-93C8-829F61319BAE}.Debug|Any CPU.Build.0 = Debug|Any CPU
		{4E01FA1D-E3C9-4517-93C8-829F61319BAE}.Release|Any CPU.ActiveCfg = Release|Any CPU
		{4E01FA1D-E3C9-4517-93C8-829F61319BAE}.Release|Any CPU.Build.0 = Release|Any CPU
		{7D84B812-5120-4495-8822-DE0E6BC02C7A}.Debug|Any CPU.ActiveCfg = Debug|Any CPU
		{7D84B812-5120-4495-8822-DE0E6BC02C7A}.Debug|Any CPU.Build.0 = Debug|Any CPU
		{7D84B812-5120-4495-8822-DE0E6BC02C7A}.Release|Any CPU.ActiveCfg = Release|Any CPU
		{7D84B812-5120-4495-8822-DE0E6BC02C7A}.Release|Any CPU.Build.0 = Release|Any CPU
		{5408D34A-01EC-45FC-8CC1-184F0A1BF65F}.Debug|Any CPU.ActiveCfg = Debug|Any CPU
		{5408D34A-01EC-45FC-8CC1-184F0A1BF65F}.Debug|Any CPU.Build.0 = Debug|Any CPU
		{5408D34A-01EC-45FC-8CC1-184F0A1BF65F}.Release|Any CPU.ActiveCfg = Release|Any CPU
		{5408D34A-01EC-45FC-8CC1-184F0A1BF65F}.Release|Any CPU.Build.0 = Release|Any CPU
		{42B6DB1F-6989-407D-BE85-6B504CD7FADC}.Debug|Any CPU.ActiveCfg = Debug|Any CPU
		{42B6DB1F-6989-407D-BE85-6B504CD7FADC}.Debug|Any CPU.Build.0 = Debug|Any CPU
		{42B6DB1F-6989-407D-BE85-6B504CD7FADC}.Release|Any CPU.ActiveCfg = Release|Any CPU
		{42B6DB1F-6989-407D-BE85-6B504CD7FADC}.Release|Any CPU.Build.0 = Release|Any CPU
		{B7B97ED9-409A-4477-81F0-3A2CE458D1A5}.Debug|Any CPU.ActiveCfg = Debug|Any CPU
		{B7B97ED9-409A-4477-81F0-3A2CE458D1A5}.Debug|Any CPU.Build.0 = Debug|Any CPU
		{B7B97ED9-409A-4477-81F0-3A2CE458D1A5}.Release|Any CPU.ActiveCfg = Release|Any CPU
		{B7B97ED9-409A-4477-81F0-3A2CE458D1A5}.Release|Any CPU.Build.0 = Release|Any CPU
		{24055687-1B1D-4938-A089-33B428E80381}.Debug|Any CPU.ActiveCfg = Debug|Any CPU
		{24055687-1B1D-4938-A089-33B428E80381}.Debug|Any CPU.Build.0 = Debug|Any CPU
		{24055687-1B1D-4938-A089-33B428E80381}.Release|Any CPU.ActiveCfg = Release|Any CPU
		{24055687-1B1D-4938-A089-33B428E80381}.Release|Any CPU.Build.0 = Release|Any CPU
		{55F33AF6-42F3-4A93-814C-BC64FBB02571}.Debug|Any CPU.ActiveCfg = Debug|Any CPU
		{55F33AF6-42F3-4A93-814C-BC64FBB02571}.Debug|Any CPU.Build.0 = Debug|Any CPU
		{55F33AF6-42F3-4A93-814C-BC64FBB02571}.Release|Any CPU.ActiveCfg = Release|Any CPU
		{55F33AF6-42F3-4A93-814C-BC64FBB02571}.Release|Any CPU.Build.0 = Release|Any CPU
		{D424179D-33E8-4978-A551-81B1E3E3BF1E}.Debug|Any CPU.ActiveCfg = Debug|Any CPU
		{D424179D-33E8-4978-A551-81B1E3E3BF1E}.Debug|Any CPU.Build.0 = Debug|Any CPU
		{D424179D-33E8-4978-A551-81B1E3E3BF1E}.Release|Any CPU.ActiveCfg = Release|Any CPU
		{D424179D-33E8-4978-A551-81B1E3E3BF1E}.Release|Any CPU.Build.0 = Release|Any CPU
		{6CDA8204-40F6-46A9-919A-C6AB5DE2A1D9}.Debug|Any CPU.ActiveCfg = Debug|Any CPU
		{6CDA8204-40F6-46A9-919A-C6AB5DE2A1D9}.Debug|Any CPU.Build.0 = Debug|Any CPU
		{6CDA8204-40F6-46A9-919A-C6AB5DE2A1D9}.Release|Any CPU.ActiveCfg = Release|Any CPU
		{6CDA8204-40F6-46A9-919A-C6AB5DE2A1D9}.Release|Any CPU.Build.0 = Release|Any CPU
		{8611C481-7AB2-417A-AC6B-4585F13107FC}.Debug|Any CPU.ActiveCfg = Debug|Any CPU
		{8611C481-7AB2-417A-AC6B-4585F13107FC}.Debug|Any CPU.Build.0 = Debug|Any CPU
		{8611C481-7AB2-417A-AC6B-4585F13107FC}.Release|Any CPU.ActiveCfg = Release|Any CPU
		{8611C481-7AB2-417A-AC6B-4585F13107FC}.Release|Any CPU.Build.0 = Release|Any CPU
		{8F66C7BA-E16B-4795-8C50-F57661769C62}.Debug|Any CPU.ActiveCfg = Debug|Any CPU
		{8F66C7BA-E16B-4795-8C50-F57661769C62}.Debug|Any CPU.Build.0 = Debug|Any CPU
		{8F66C7BA-E16B-4795-8C50-F57661769C62}.Release|Any CPU.ActiveCfg = Release|Any CPU
		{8F66C7BA-E16B-4795-8C50-F57661769C62}.Release|Any CPU.Build.0 = Release|Any CPU
	EndGlobalSection
	GlobalSection(SolutionProperties) = preSolution
		HideSolutionNode = FALSE
	EndGlobalSection
	GlobalSection(ExtensibilityGlobals) = postSolution
		SolutionGuid = {4B6D61D5-30A0-48CD-8B35-314C32FD7744}
	EndGlobalSection
EndGlobal
